// !$*UTF8*$!
{
	archiveVersion = 1;
	classes = {
	};
	objectVersion = 46;
	objects = {

/* Begin PBXBuildFile section */
		07CFD3C81CAABA4000CB2735 /* facebook.png in Resources */ = {isa = PBXBuildFile; fileRef = 07CFD3C01CAABA4000CB2735 /* facebook.png */; };
		07CFD3C91CAABA4000CB2735 /* facebook@2x.png in Resources */ = {isa = PBXBuildFile; fileRef = 07CFD3C11CAABA4000CB2735 /* facebook@2x.png */; };
		07CFD3CA1CAABA4000CB2735 /* fotoLogin.png in Resources */ = {isa = PBXBuildFile; fileRef = 07CFD3C21CAABA4000CB2735 /* fotoLogin.png */; };
		07CFD3CB1CAABA4000CB2735 /* fotoLogin@2x.png in Resources */ = {isa = PBXBuildFile; fileRef = 07CFD3C31CAABA4000CB2735 /* fotoLogin@2x.png */; };
		07CFD3CC1CAABA4000CB2735 /* logoLogin.png in Resources */ = {isa = PBXBuildFile; fileRef = 07CFD3C41CAABA4000CB2735 /* logoLogin.png */; };
		07CFD3CD1CAABA4000CB2735 /* logoLogin@2x.png in Resources */ = {isa = PBXBuildFile; fileRef = 07CFD3C51CAABA4000CB2735 /* logoLogin@2x.png */; };
		07CFD3CE1CAABA4000CB2735 /* SplashInfo.png in Resources */ = {isa = PBXBuildFile; fileRef = 07CFD3C61CAABA4000CB2735 /* SplashInfo.png */; };
		07CFD3CF1CAABA4000CB2735 /* SplashInfo@2x.png in Resources */ = {isa = PBXBuildFile; fileRef = 07CFD3C71CAABA4000CB2735 /* SplashInfo@2x.png */; };
		07CFD3D21CAB2F3700CB2735 /* Splash.png in Resources */ = {isa = PBXBuildFile; fileRef = 07CFD3D01CAB2F3700CB2735 /* Splash.png */; };
		07CFD3D31CAB2F3700CB2735 /* Splash@2x.png in Resources */ = {isa = PBXBuildFile; fileRef = 07CFD3D11CAB2F3700CB2735 /* Splash@2x.png */; };
		661104511B8751B600C8F1F4 /* UserIdentity.storyboard in Resources */ = {isa = PBXBuildFile; fileRef = 661104501B8751B600C8F1F4 /* UserIdentity.storyboard */; };
		661104531B8751EB00C8F1F4 /* MobileAnalytics.storyboard in Resources */ = {isa = PBXBuildFile; fileRef = 661104521B8751EB00C8F1F4 /* MobileAnalytics.storyboard */; };
		661104561B87524E00C8F1F4 /* MobileAnalyticsViewController.m in Sources */ = {isa = PBXBuildFile; fileRef = 661104551B87524E00C8F1F4 /* MobileAnalyticsViewController.m */; };
		661104591B87526700C8F1F4 /* UserIdentityViewController.m in Sources */ = {isa = PBXBuildFile; fileRef = 661104581B87526700C8F1F4 /* UserIdentityViewController.m */; };
		6699C6511BBAF90B00436B45 /* UserSettingsViewController.m in Sources */ = {isa = PBXBuildFile; fileRef = 6699C6501BBAF90B00436B45 /* UserSettingsViewController.m */; };
		6B443C8B1B5DEC1F00406B17 /* libsqlite3.dylib in Frameworks */ = {isa = PBXBuildFile; fileRef = 6B443C8A1B5DEC1F00406B17 /* libsqlite3.dylib */; };
		6B443C8D1B5DEC2800406B17 /* libz.dylib in Frameworks */ = {isa = PBXBuildFile; fileRef = 6B443C8C1B5DEC2800406B17 /* libz.dylib */; };
		6B9E5DE61BAFDBF6005E71C9 /* UserDataStorage.storyboard in Resources */ = {isa = PBXBuildFile; fileRef = 6B9E5DE51BAFDBF6005E71C9 /* UserDataStorage.storyboard */; };
		6BB9387D1BA87FDD00C527A0 /* CloudLogic.storyboard in Resources */ = {isa = PBXBuildFile; fileRef = 6BB9387C1BA87FDD00C527A0 /* CloudLogic.storyboard */; };
		6BB938801BA8838800C527A0 /* CloudLogicViewController.m in Sources */ = {isa = PBXBuildFile; fileRef = 6BB9387F1BA8838800C527A0 /* CloudLogicViewController.m */; };
		6BB9388D1BAC66CF00C527A0 /* ContentDelivery.storyboard in Resources */ = {isa = PBXBuildFile; fileRef = 6BB9388B1BAC66CF00C527A0 /* ContentDelivery.storyboard */; };
		6BB9388E1BAC66CF00C527A0 /* ContentDeliveryViewController.m in Sources */ = {isa = PBXBuildFile; fileRef = 6BB9388C1BAC66CF00C527A0 /* ContentDeliveryViewController.m */; };
		6BBC97B71BA358C300DC9B60 /* ColorThemeSettings.m in Sources */ = {isa = PBXBuildFile; fileRef = 6BBC97B61BA358C300DC9B60 /* ColorThemeSettings.m */; };
		6BBCBCAA1BB07C14001B8F35 /* UserSettings.storyboard in Resources */ = {isa = PBXBuildFile; fileRef = 6BBCBCA91BB07C14001B8F35 /* UserSettings.storyboard */; };
		6BCB928D1BAF889F00475B9E /* CoreMotion.framework in Frameworks */ = {isa = PBXBuildFile; fileRef = 6BCB928C1BAF889F00475B9E /* CoreMotion.framework */; };
		6BCB92911BAF88D600475B9E /* CoreLocation.framework in Frameworks */ = {isa = PBXBuildFile; fileRef = 6BCB92901BAF88D600475B9E /* CoreLocation.framework */; };
		6BCB92931BAF896700475B9E /* AddressBook.framework in Frameworks */ = {isa = PBXBuildFile; fileRef = 6BCB92921BAF896700475B9E /* AddressBook.framework */; };
		6BFF25811B5E360F002364F9 /* AssetsLibrary.framework in Frameworks */ = {isa = PBXBuildFile; fileRef = 6BFF25801B5E360F002364F9 /* AssetsLibrary.framework */; };
		6BFF25831B5E3617002364F9 /* Foundation.framework in Frameworks */ = {isa = PBXBuildFile; fileRef = 6BFF25821B5E3617002364F9 /* Foundation.framework */; };
		6BFF258D1B5E364D002364F9 /* MediaPlayer.framework in Frameworks */ = {isa = PBXBuildFile; fileRef = 6BFF258C1B5E364D002364F9 /* MediaPlayer.framework */; };
		6BFF258F1B5E3655002364F9 /* Security.framework in Frameworks */ = {isa = PBXBuildFile; fileRef = 6BFF258E1B5E3655002364F9 /* Security.framework */; };
		6BFF25911B5E366C002364F9 /* UIKit.framework in Frameworks */ = {isa = PBXBuildFile; fileRef = 6BFF25901B5E366C002364F9 /* UIKit.framework */; };
		CE790C301C28946F000CA0DE /* DemoFeature.m in Sources */ = {isa = PBXBuildFile; fileRef = CE790C2F1C28946F000CA0DE /* DemoFeature.m */; };
		CE790C341C289481000CA0DE /* PushNotification.storyboard in Resources */ = {isa = PBXBuildFile; fileRef = CE790C311C289481000CA0DE /* PushNotification.storyboard */; };
		CE790C351C289481000CA0DE /* PushNotificationViewController.m in Sources */ = {isa = PBXBuildFile; fileRef = CE790C331C289481000CA0DE /* PushNotificationViewController.m */; };
		CE790C3B1C289490000CA0DE /* SignIn.storyboard in Resources */ = {isa = PBXBuildFile; fileRef = CE790C371C289490000CA0DE /* SignIn.storyboard */; };
		CE790C3C1C289490000CA0DE /* SignInViewController.m in Sources */ = {isa = PBXBuildFile; fileRef = CE790C3A1C289490000CA0DE /* SignInViewController.m */; };
		CE790C3E1C2894A9000CA0DE /* Main.storyboard in Resources */ = {isa = PBXBuildFile; fileRef = CE790C3D1C2894A9000CA0DE /* Main.storyboard */; };
		CE790C431C2894C0000CA0DE /* AppDelegate.m in Sources */ = {isa = PBXBuildFile; fileRef = CE790C401C2894C0000CA0DE /* AppDelegate.m */; };
		CE790C441C2894C0000CA0DE /* MainViewController.m in Sources */ = {isa = PBXBuildFile; fileRef = CE790C421C2894C0000CA0DE /* MainViewController.m */; };
		CE790C461C2894CC000CA0DE /* Images.xcassets in Resources */ = {isa = PBXBuildFile; fileRef = CE790C451C2894CC000CA0DE /* Images.xcassets */; };
		CE790C4A1C2894DE000CA0DE /* main.m in Sources */ = {isa = PBXBuildFile; fileRef = CE790C481C2894DE000CA0DE /* main.m */; };
		CE790C4D1C2894EE000CA0DE /* AWSCloudLogic.m in Sources */ = {isa = PBXBuildFile; fileRef = CE790C4C1C2894EE000CA0DE /* AWSCloudLogic.m */; };
		CE790C501C2894F9000CA0DE /* AWSTask+CheckExceptions.m in Sources */ = {isa = PBXBuildFile; fileRef = CE790C4F1C2894F9000CA0DE /* AWSTask+CheckExceptions.m */; };
		CE790C561C289509000CA0DE /* AWSFacebookSignInProvider.m in Sources */ = {isa = PBXBuildFile; fileRef = CE790C521C289509000CA0DE /* AWSFacebookSignInProvider.m */; };
		CE790C5A1C289520000CA0DE /* AWSIdentityManager.m in Sources */ = {isa = PBXBuildFile; fileRef = CE790C591C289520000CA0DE /* AWSIdentityManager.m */; };
		CE790C5D1C28952C000CA0DE /* AWSPushManager.m in Sources */ = {isa = PBXBuildFile; fileRef = CE790C5C1C28952C000CA0DE /* AWSPushManager.m */; };
		CE790C611C289537000CA0DE /* AWSContentManager.m in Sources */ = {isa = PBXBuildFile; fileRef = CE790C5F1C289537000CA0DE /* AWSContentManager.m */; };
		CE790C651C289543000CA0DE /* AWSMobileClient.m in Sources */ = {isa = PBXBuildFile; fileRef = CE790C641C289543000CA0DE /* AWSMobileClient.m */; };
		CE790C6B1C28961F000CA0DE /* AWSCore.framework in Frameworks */ = {isa = PBXBuildFile; fileRef = CE790C661C28961F000CA0DE /* AWSCore.framework */; };
		CE790C6C1C28961F000CA0DE /* AWSLambda.framework in Frameworks */ = {isa = PBXBuildFile; fileRef = CE790C671C28961F000CA0DE /* AWSLambda.framework */; };
		CE790C6D1C28961F000CA0DE /* AWSMobileAnalytics.framework in Frameworks */ = {isa = PBXBuildFile; fileRef = CE790C681C28961F000CA0DE /* AWSMobileAnalytics.framework */; };
		CE790C6E1C28961F000CA0DE /* AWSS3.framework in Frameworks */ = {isa = PBXBuildFile; fileRef = CE790C691C28961F000CA0DE /* AWSS3.framework */; };
		CE790C6F1C28961F000CA0DE /* AWSSNS.framework in Frameworks */ = {isa = PBXBuildFile; fileRef = CE790C6A1C28961F000CA0DE /* AWSSNS.framework */; };
		CE790C711C28962E000CA0DE /* AWSCognito.framework in Frameworks */ = {isa = PBXBuildFile; fileRef = CE790C701C28962E000CA0DE /* AWSCognito.framework */; };
		CE790C751C28964B000CA0DE /* FBSDKCoreKit.framework in Frameworks */ = {isa = PBXBuildFile; fileRef = CE790C721C28964B000CA0DE /* FBSDKCoreKit.framework */; };
		CE790C761C28964B000CA0DE /* FBSDKLoginKit.framework in Frameworks */ = {isa = PBXBuildFile; fileRef = CE790C731C28964B000CA0DE /* FBSDKLoginKit.framework */; };
		CE790C771C28964B000CA0DE /* FBSDKShareKit.framework in Frameworks */ = {isa = PBXBuildFile; fileRef = CE790C741C28964B000CA0DE /* FBSDKShareKit.framework */; };
		CE7D92131BEB3764002F8AE0 /* SystemConfiguration.framework in Frameworks */ = {isa = PBXBuildFile; fileRef = CE7D92121BEB3764002F8AE0 /* SystemConfiguration.framework */; };
		CE9B0E831BB5DA0C0082D0CE /* UserFiles.storyboard in Resources */ = {isa = PBXBuildFile; fileRef = CE9B0E801BB5DA0C0082D0CE /* UserFiles.storyboard */; };
		CE9B0E841BB5DA0C0082D0CE /* UserFilesViewController.m in Sources */ = {isa = PBXBuildFile; fileRef = CE9B0E821BB5DA0C0082D0CE /* UserFilesViewController.m */; };
		CE9B0E871BB5E3ED0082D0CE /* UserDataStorageViewController.m in Sources */ = {isa = PBXBuildFile; fileRef = CE9B0E861BB5E3ED0082D0CE /* UserDataStorageViewController.m */; };
		CED33FE31BB4900100B357CE /* AWSUserFileManager.m in Sources */ = {isa = PBXBuildFile; fileRef = CED33FE21BB4900100B357CE /* AWSUserFileManager.m */; };
		CED33FE51BB49B3D00B357CE /* Launch Screen.storyboard in Resources */ = {isa = PBXBuildFile; fileRef = CED33FE41BB49B3D00B357CE /* Launch Screen.storyboard */; };
		CEF516A91C5D9B09001757C8 /* GoogleSignIn.framework in Frameworks */ = {isa = PBXBuildFile; fileRef = CEF516A81C5D9B09001757C8 /* GoogleSignIn.framework */; };
		CEF516AB1C5D9B1E001757C8 /* GoogleSignIn.bundle in Resources */ = {isa = PBXBuildFile; fileRef = CEF516AA1C5D9B1E001757C8 /* GoogleSignIn.bundle */; };
		CEF516AD1C5D9B68001757C8 /* StoreKit.framework in Frameworks */ = {isa = PBXBuildFile; fileRef = CEF516AC1C5D9B68001757C8 /* StoreKit.framework */; };
/* End PBXBuildFile section */

/* Begin PBXFileReference section */
		07CFD3C01CAABA4000CB2735 /* facebook.png */ = {isa = PBXFileReference; lastKnownFileType = image.png; path = facebook.png; sourceTree = "<group>"; };
		07CFD3C11CAABA4000CB2735 /* facebook@2x.png */ = {isa = PBXFileReference; lastKnownFileType = image.png; path = "facebook@2x.png"; sourceTree = "<group>"; };
		07CFD3C21CAABA4000CB2735 /* fotoLogin.png */ = {isa = PBXFileReference; lastKnownFileType = image.png; path = fotoLogin.png; sourceTree = "<group>"; };
		07CFD3C31CAABA4000CB2735 /* fotoLogin@2x.png */ = {isa = PBXFileReference; lastKnownFileType = image.png; path = "fotoLogin@2x.png"; sourceTree = "<group>"; };
		07CFD3C41CAABA4000CB2735 /* logoLogin.png */ = {isa = PBXFileReference; lastKnownFileType = image.png; path = logoLogin.png; sourceTree = "<group>"; };
		07CFD3C51CAABA4000CB2735 /* logoLogin@2x.png */ = {isa = PBXFileReference; lastKnownFileType = image.png; path = "logoLogin@2x.png"; sourceTree = "<group>"; };
		07CFD3C61CAABA4000CB2735 /* SplashInfo.png */ = {isa = PBXFileReference; lastKnownFileType = image.png; path = SplashInfo.png; sourceTree = "<group>"; };
		07CFD3C71CAABA4000CB2735 /* SplashInfo@2x.png */ = {isa = PBXFileReference; lastKnownFileType = image.png; path = "SplashInfo@2x.png"; sourceTree = "<group>"; };
		07CFD3D01CAB2F3700CB2735 /* Splash.png */ = {isa = PBXFileReference; lastKnownFileType = image.png; path = Splash.png; sourceTree = "<group>"; };
		07CFD3D11CAB2F3700CB2735 /* Splash@2x.png */ = {isa = PBXFileReference; lastKnownFileType = image.png; path = "Splash@2x.png"; sourceTree = "<group>"; };
		661104501B8751B600C8F1F4 /* UserIdentity.storyboard */ = {isa = PBXFileReference; fileEncoding = 4; lastKnownFileType = file.storyboard; name = UserIdentity.storyboard; path = Demo/UserIdentity/UserIdentity.storyboard; sourceTree = "<group>"; };
		661104521B8751EB00C8F1F4 /* MobileAnalytics.storyboard */ = {isa = PBXFileReference; fileEncoding = 4; lastKnownFileType = file.storyboard; name = MobileAnalytics.storyboard; path = Demo/MobileAnalytics/MobileAnalytics.storyboard; sourceTree = "<group>"; };
		661104541B87524E00C8F1F4 /* MobileAnalyticsViewController.h */ = {isa = PBXFileReference; fileEncoding = 4; lastKnownFileType = sourcecode.c.h; name = MobileAnalyticsViewController.h; path = Demo/MobileAnalytics/MobileAnalyticsViewController.h; sourceTree = "<group>"; };
		661104551B87524E00C8F1F4 /* MobileAnalyticsViewController.m */ = {isa = PBXFileReference; fileEncoding = 4; lastKnownFileType = sourcecode.c.objc; name = MobileAnalyticsViewController.m; path = Demo/MobileAnalytics/MobileAnalyticsViewController.m; sourceTree = "<group>"; };
		661104571B87526700C8F1F4 /* UserIdentityViewController.h */ = {isa = PBXFileReference; fileEncoding = 4; lastKnownFileType = sourcecode.c.h; name = UserIdentityViewController.h; path = Demo/UserIdentity/UserIdentityViewController.h; sourceTree = "<group>"; };
		661104581B87526700C8F1F4 /* UserIdentityViewController.m */ = {isa = PBXFileReference; fileEncoding = 4; lastKnownFileType = sourcecode.c.objc; name = UserIdentityViewController.m; path = Demo/UserIdentity/UserIdentityViewController.m; sourceTree = "<group>"; };
		6699C6501BBAF90B00436B45 /* UserSettingsViewController.m */ = {isa = PBXFileReference; fileEncoding = 4; lastKnownFileType = sourcecode.c.objc; path = UserSettingsViewController.m; sourceTree = "<group>"; };
		6B443C491B5DB06200406B17 /* Livi.app */ = {isa = PBXFileReference; explicitFileType = wrapper.application; includeInIndex = 0; path = Livi.app; sourceTree = BUILT_PRODUCTS_DIR; };
		6B443C8A1B5DEC1F00406B17 /* libsqlite3.dylib */ = {isa = PBXFileReference; lastKnownFileType = "compiled.mach-o.dylib"; name = libsqlite3.dylib; path = usr/lib/libsqlite3.dylib; sourceTree = SDKROOT; };
		6B443C8C1B5DEC2800406B17 /* libz.dylib */ = {isa = PBXFileReference; lastKnownFileType = "compiled.mach-o.dylib"; name = libz.dylib; path = usr/lib/libz.dylib; sourceTree = SDKROOT; };
		6B9E5DE51BAFDBF6005E71C9 /* UserDataStorage.storyboard */ = {isa = PBXFileReference; fileEncoding = 4; lastKnownFileType = file.storyboard; name = UserDataStorage.storyboard; path = Demo/UserDataStorage/UserDataStorage.storyboard; sourceTree = "<group>"; };
		6BB9387C1BA87FDD00C527A0 /* CloudLogic.storyboard */ = {isa = PBXFileReference; fileEncoding = 4; lastKnownFileType = file.storyboard; name = CloudLogic.storyboard; path = Demo/CloudLogic/CloudLogic.storyboard; sourceTree = "<group>"; };
		6BB9387E1BA8836D00C527A0 /* CloudLogicViewController.h */ = {isa = PBXFileReference; lastKnownFileType = sourcecode.c.h; name = CloudLogicViewController.h; path = Demo/CloudLogic/CloudLogicViewController.h; sourceTree = "<group>"; };
		6BB9387F1BA8838800C527A0 /* CloudLogicViewController.m */ = {isa = PBXFileReference; fileEncoding = 4; lastKnownFileType = sourcecode.c.objc; name = CloudLogicViewController.m; path = Demo/CloudLogic/CloudLogicViewController.m; sourceTree = "<group>"; };
		6BB938891BAA3CB700C527A0 /* ColorThemeSettings.h */ = {isa = PBXFileReference; fileEncoding = 4; lastKnownFileType = sourcecode.c.h; path = ColorThemeSettings.h; sourceTree = "<group>"; };
		6BB9388A1BAC66CF00C527A0 /* ContentDeliveryViewController.h */ = {isa = PBXFileReference; fileEncoding = 4; lastKnownFileType = sourcecode.c.h; name = ContentDeliveryViewController.h; path = Demo/ContentDelivery/ContentDeliveryViewController.h; sourceTree = "<group>"; };
		6BB9388B1BAC66CF00C527A0 /* ContentDelivery.storyboard */ = {isa = PBXFileReference; fileEncoding = 4; lastKnownFileType = file.storyboard; name = ContentDelivery.storyboard; path = Demo/ContentDelivery/ContentDelivery.storyboard; sourceTree = "<group>"; };
		6BB9388C1BAC66CF00C527A0 /* ContentDeliveryViewController.m */ = {isa = PBXFileReference; fileEncoding = 4; lastKnownFileType = sourcecode.c.objc; name = ContentDeliveryViewController.m; path = Demo/ContentDelivery/ContentDeliveryViewController.m; sourceTree = "<group>"; };
		6BBC97B61BA358C300DC9B60 /* ColorThemeSettings.m */ = {isa = PBXFileReference; fileEncoding = 4; lastKnownFileType = sourcecode.c.objc; path = ColorThemeSettings.m; sourceTree = "<group>"; };
		6BBCBCA71BB07A31001B8F35 /* UserSettingsViewController.h */ = {isa = PBXFileReference; fileEncoding = 4; lastKnownFileType = sourcecode.c.h; name = UserSettingsViewController.h; path = MySampleApp/Demo/UserSettings/UserSettingsViewController.h; sourceTree = SOURCE_ROOT; };
		6BBCBCA91BB07C14001B8F35 /* UserSettings.storyboard */ = {isa = PBXFileReference; fileEncoding = 4; lastKnownFileType = file.storyboard; name = UserSettings.storyboard; path = MySampleApp/Demo/UserSettings/UserSettings.storyboard; sourceTree = SOURCE_ROOT; };
		6BCB928C1BAF889F00475B9E /* CoreMotion.framework */ = {isa = PBXFileReference; lastKnownFileType = wrapper.framework; name = CoreMotion.framework; path = System/Library/Frameworks/CoreMotion.framework; sourceTree = SDKROOT; };
		6BCB92901BAF88D600475B9E /* CoreLocation.framework */ = {isa = PBXFileReference; lastKnownFileType = wrapper.framework; name = CoreLocation.framework; path = System/Library/Frameworks/CoreLocation.framework; sourceTree = SDKROOT; };
		6BCB92921BAF896700475B9E /* AddressBook.framework */ = {isa = PBXFileReference; lastKnownFileType = wrapper.framework; name = AddressBook.framework; path = System/Library/Frameworks/AddressBook.framework; sourceTree = SDKROOT; };
		6BFF25801B5E360F002364F9 /* AssetsLibrary.framework */ = {isa = PBXFileReference; lastKnownFileType = wrapper.framework; name = AssetsLibrary.framework; path = System/Library/Frameworks/AssetsLibrary.framework; sourceTree = SDKROOT; };
		6BFF25821B5E3617002364F9 /* Foundation.framework */ = {isa = PBXFileReference; lastKnownFileType = wrapper.framework; name = Foundation.framework; path = System/Library/Frameworks/Foundation.framework; sourceTree = SDKROOT; };
		6BFF258C1B5E364D002364F9 /* MediaPlayer.framework */ = {isa = PBXFileReference; lastKnownFileType = wrapper.framework; name = MediaPlayer.framework; path = System/Library/Frameworks/MediaPlayer.framework; sourceTree = SDKROOT; };
		6BFF258E1B5E3655002364F9 /* Security.framework */ = {isa = PBXFileReference; lastKnownFileType = wrapper.framework; name = Security.framework; path = System/Library/Frameworks/Security.framework; sourceTree = SDKROOT; };
		6BFF25901B5E366C002364F9 /* UIKit.framework */ = {isa = PBXFileReference; lastKnownFileType = wrapper.framework; name = UIKit.framework; path = System/Library/Frameworks/UIKit.framework; sourceTree = SDKROOT; };
		CE790C2E1C28946F000CA0DE /* DemoFeature.h */ = {isa = PBXFileReference; fileEncoding = 4; lastKnownFileType = sourcecode.c.h; name = DemoFeature.h; path = Demo/DemoFeature.h; sourceTree = "<group>"; };
		CE790C2F1C28946F000CA0DE /* DemoFeature.m */ = {isa = PBXFileReference; fileEncoding = 4; lastKnownFileType = sourcecode.c.objc; name = DemoFeature.m; path = Demo/DemoFeature.m; sourceTree = "<group>"; };
		CE790C311C289481000CA0DE /* PushNotification.storyboard */ = {isa = PBXFileReference; fileEncoding = 4; lastKnownFileType = file.storyboard; name = PushNotification.storyboard; path = Demo/Push/PushNotification.storyboard; sourceTree = "<group>"; };
		CE790C321C289481000CA0DE /* PushNotificationViewController.h */ = {isa = PBXFileReference; fileEncoding = 4; lastKnownFileType = sourcecode.c.h; name = PushNotificationViewController.h; path = Demo/Push/PushNotificationViewController.h; sourceTree = "<group>"; };
		CE790C331C289481000CA0DE /* PushNotificationViewController.m */ = {isa = PBXFileReference; fileEncoding = 4; lastKnownFileType = sourcecode.c.objc; name = PushNotificationViewController.m; path = Demo/Push/PushNotificationViewController.m; sourceTree = "<group>"; };
		CE790C381C289490000CA0DE /* en */ = {isa = PBXFileReference; lastKnownFileType = file.storyboard; name = en; path = SignIn.storyboard; sourceTree = "<group>"; };
		CE790C391C289490000CA0DE /* SignInViewController.h */ = {isa = PBXFileReference; fileEncoding = 4; lastKnownFileType = sourcecode.c.h; name = SignInViewController.h; path = MySampleApp/App/SignIn/SignInViewController.h; sourceTree = SOURCE_ROOT; };
		CE790C3A1C289490000CA0DE /* SignInViewController.m */ = {isa = PBXFileReference; fileEncoding = 4; lastKnownFileType = sourcecode.c.objc; name = SignInViewController.m; path = MySampleApp/App/SignIn/SignInViewController.m; sourceTree = SOURCE_ROOT; };
		CE790C3D1C2894A9000CA0DE /* Main.storyboard */ = {isa = PBXFileReference; fileEncoding = 4; lastKnownFileType = file.storyboard; name = Main.storyboard; path = App/Main.storyboard; sourceTree = "<group>"; };
		CE790C3F1C2894C0000CA0DE /* AppDelegate.h */ = {isa = PBXFileReference; fileEncoding = 4; lastKnownFileType = sourcecode.c.h; name = AppDelegate.h; path = App/AppDelegate.h; sourceTree = "<group>"; };
		CE790C401C2894C0000CA0DE /* AppDelegate.m */ = {isa = PBXFileReference; fileEncoding = 4; lastKnownFileType = sourcecode.c.objc; name = AppDelegate.m; path = App/AppDelegate.m; sourceTree = "<group>"; };
		CE790C411C2894C0000CA0DE /* MainViewController.h */ = {isa = PBXFileReference; fileEncoding = 4; lastKnownFileType = sourcecode.c.h; name = MainViewController.h; path = App/MainViewController.h; sourceTree = "<group>"; };
		CE790C421C2894C0000CA0DE /* MainViewController.m */ = {isa = PBXFileReference; fileEncoding = 4; lastKnownFileType = sourcecode.c.objc; name = MainViewController.m; path = App/MainViewController.m; sourceTree = "<group>"; };
		CE790C451C2894CC000CA0DE /* Images.xcassets */ = {isa = PBXFileReference; lastKnownFileType = folder.assetcatalog; name = Images.xcassets; path = App/Images.xcassets; sourceTree = "<group>"; };
		CE790C471C2894DE000CA0DE /* Info.plist */ = {isa = PBXFileReference; fileEncoding = 4; lastKnownFileType = text.plist.xml; name = Info.plist; path = App/Info.plist; sourceTree = "<group>"; };
		CE790C481C2894DE000CA0DE /* main.m */ = {isa = PBXFileReference; fileEncoding = 4; lastKnownFileType = sourcecode.c.objc; name = main.m; path = App/main.m; sourceTree = "<group>"; };
		CE790C4B1C2894EE000CA0DE /* AWSCloudLogic.h */ = {isa = PBXFileReference; fileEncoding = 4; lastKnownFileType = sourcecode.c.h; name = AWSCloudLogic.h; path = MySampleApp/AmazonAws/CloudLogic/AWSCloudLogic.h; sourceTree = SOURCE_ROOT; };
		CE790C4C1C2894EE000CA0DE /* AWSCloudLogic.m */ = {isa = PBXFileReference; fileEncoding = 4; lastKnownFileType = sourcecode.c.objc; name = AWSCloudLogic.m; path = MySampleApp/AmazonAws/CloudLogic/AWSCloudLogic.m; sourceTree = SOURCE_ROOT; };
		CE790C4E1C2894F9000CA0DE /* AWSTask+CheckExceptions.h */ = {isa = PBXFileReference; fileEncoding = 4; lastKnownFileType = sourcecode.c.h; name = "AWSTask+CheckExceptions.h"; path = "MySampleApp/AmazonAws/Utils/AWSTask+CheckExceptions.h"; sourceTree = SOURCE_ROOT; };
		CE790C4F1C2894F9000CA0DE /* AWSTask+CheckExceptions.m */ = {isa = PBXFileReference; fileEncoding = 4; lastKnownFileType = sourcecode.c.objc; name = "AWSTask+CheckExceptions.m"; path = "MySampleApp/AmazonAws/Utils/AWSTask+CheckExceptions.m"; sourceTree = SOURCE_ROOT; };
		CE790C511C289509000CA0DE /* AWSFacebookSignInProvider.h */ = {isa = PBXFileReference; fileEncoding = 4; lastKnownFileType = sourcecode.c.h; name = AWSFacebookSignInProvider.h; path = MySampleApp/AmazonAws/SignIn/AWSFacebookSignInProvider.h; sourceTree = SOURCE_ROOT; };
		CE790C521C289509000CA0DE /* AWSFacebookSignInProvider.m */ = {isa = PBXFileReference; fileEncoding = 4; lastKnownFileType = sourcecode.c.objc; name = AWSFacebookSignInProvider.m; path = MySampleApp/AmazonAws/SignIn/AWSFacebookSignInProvider.m; sourceTree = SOURCE_ROOT; };
		CE790C551C289509000CA0DE /* AWSSignInProvider.h */ = {isa = PBXFileReference; fileEncoding = 4; lastKnownFileType = sourcecode.c.h; name = AWSSignInProvider.h; path = MySampleApp/AmazonAws/SignIn/AWSSignInProvider.h; sourceTree = SOURCE_ROOT; };
		CE790C581C289520000CA0DE /* AWSIdentityManager.h */ = {isa = PBXFileReference; fileEncoding = 4; lastKnownFileType = sourcecode.c.h; name = AWSIdentityManager.h; path = MySampleApp/AmazonAws/Identity/AWSIdentityManager.h; sourceTree = SOURCE_ROOT; };
		CE790C591C289520000CA0DE /* AWSIdentityManager.m */ = {isa = PBXFileReference; fileEncoding = 4; lastKnownFileType = sourcecode.c.objc; name = AWSIdentityManager.m; path = MySampleApp/AmazonAws/Identity/AWSIdentityManager.m; sourceTree = SOURCE_ROOT; };
		CE790C5B1C28952C000CA0DE /* AWSPushManager.h */ = {isa = PBXFileReference; fileEncoding = 4; lastKnownFileType = sourcecode.c.h; name = AWSPushManager.h; path = MySampleApp/AmazonAws/Push/AWSPushManager.h; sourceTree = SOURCE_ROOT; };
		CE790C5C1C28952C000CA0DE /* AWSPushManager.m */ = {isa = PBXFileReference; fileEncoding = 4; lastKnownFileType = sourcecode.c.objc; name = AWSPushManager.m; path = MySampleApp/AmazonAws/Push/AWSPushManager.m; sourceTree = SOURCE_ROOT; };
		CE790C5E1C289537000CA0DE /* AWSContentManager.h */ = {isa = PBXFileReference; fileEncoding = 4; lastKnownFileType = sourcecode.c.h; name = AWSContentManager.h; path = MySampleApp/AmazonAws/ContentDelivery/AWSContentManager.h; sourceTree = SOURCE_ROOT; };
		CE790C5F1C289537000CA0DE /* AWSContentManager.m */ = {isa = PBXFileReference; fileEncoding = 4; lastKnownFileType = sourcecode.c.objc; name = AWSContentManager.m; path = MySampleApp/AmazonAws/ContentDelivery/AWSContentManager.m; sourceTree = SOURCE_ROOT; };
		CE790C601C289537000CA0DE /* AWSCorePrivateHeader.h */ = {isa = PBXFileReference; fileEncoding = 4; lastKnownFileType = sourcecode.c.h; name = AWSCorePrivateHeader.h; path = MySampleApp/AmazonAws/ContentDelivery/AWSCorePrivateHeader.h; sourceTree = SOURCE_ROOT; };
		CE790C621C289543000CA0DE /* AWSConfiguration.h */ = {isa = PBXFileReference; fileEncoding = 4; lastKnownFileType = sourcecode.c.h; name = AWSConfiguration.h; path = MySampleApp/AmazonAws/AWSConfiguration.h; sourceTree = SOURCE_ROOT; };
		CE790C631C289543000CA0DE /* AWSMobileClient.h */ = {isa = PBXFileReference; fileEncoding = 4; lastKnownFileType = sourcecode.c.h; name = AWSMobileClient.h; path = MySampleApp/AmazonAws/AWSMobileClient.h; sourceTree = SOURCE_ROOT; };
		CE790C641C289543000CA0DE /* AWSMobileClient.m */ = {isa = PBXFileReference; fileEncoding = 4; lastKnownFileType = sourcecode.c.objc; name = AWSMobileClient.m; path = MySampleApp/AmazonAws/AWSMobileClient.m; sourceTree = SOURCE_ROOT; };
		CE790C661C28961F000CA0DE /* AWSCore.framework */ = {isa = PBXFileReference; lastKnownFileType = wrapper.framework; name = AWSCore.framework; path = MySampleApp/Sdk/Aws/AWSCore.framework; sourceTree = "<group>"; };
		CE790C671C28961F000CA0DE /* AWSLambda.framework */ = {isa = PBXFileReference; lastKnownFileType = wrapper.framework; name = AWSLambda.framework; path = MySampleApp/Sdk/Aws/AWSLambda.framework; sourceTree = "<group>"; };
		CE790C681C28961F000CA0DE /* AWSMobileAnalytics.framework */ = {isa = PBXFileReference; lastKnownFileType = wrapper.framework; name = AWSMobileAnalytics.framework; path = MySampleApp/Sdk/Aws/AWSMobileAnalytics.framework; sourceTree = "<group>"; };
		CE790C691C28961F000CA0DE /* AWSS3.framework */ = {isa = PBXFileReference; lastKnownFileType = wrapper.framework; name = AWSS3.framework; path = MySampleApp/Sdk/Aws/AWSS3.framework; sourceTree = "<group>"; };
		CE790C6A1C28961F000CA0DE /* AWSSNS.framework */ = {isa = PBXFileReference; lastKnownFileType = wrapper.framework; name = AWSSNS.framework; path = MySampleApp/Sdk/Aws/AWSSNS.framework; sourceTree = "<group>"; };
		CE790C701C28962E000CA0DE /* AWSCognito.framework */ = {isa = PBXFileReference; lastKnownFileType = wrapper.framework; name = AWSCognito.framework; path = MySampleApp/Sdk/Aws/extras/AWSCognito.framework; sourceTree = "<group>"; };
		CE790C721C28964B000CA0DE /* FBSDKCoreKit.framework */ = {isa = PBXFileReference; lastKnownFileType = wrapper.framework; name = FBSDKCoreKit.framework; path = MySampleApp/Sdk/Facebook/FBSDKCoreKit.framework; sourceTree = "<group>"; };
		CE790C731C28964B000CA0DE /* FBSDKLoginKit.framework */ = {isa = PBXFileReference; lastKnownFileType = wrapper.framework; name = FBSDKLoginKit.framework; path = MySampleApp/Sdk/Facebook/FBSDKLoginKit.framework; sourceTree = "<group>"; };
		CE790C741C28964B000CA0DE /* FBSDKShareKit.framework */ = {isa = PBXFileReference; lastKnownFileType = wrapper.framework; name = FBSDKShareKit.framework; path = MySampleApp/Sdk/Facebook/FBSDKShareKit.framework; sourceTree = "<group>"; };
		CE7D92121BEB3764002F8AE0 /* SystemConfiguration.framework */ = {isa = PBXFileReference; lastKnownFileType = wrapper.framework; name = SystemConfiguration.framework; path = System/Library/Frameworks/SystemConfiguration.framework; sourceTree = SDKROOT; };
		CE9B0E801BB5DA0C0082D0CE /* UserFiles.storyboard */ = {isa = PBXFileReference; fileEncoding = 4; lastKnownFileType = file.storyboard; path = UserFiles.storyboard; sourceTree = "<group>"; };
		CE9B0E811BB5DA0C0082D0CE /* UserFilesViewController.h */ = {isa = PBXFileReference; fileEncoding = 4; lastKnownFileType = sourcecode.c.h; path = UserFilesViewController.h; sourceTree = "<group>"; };
		CE9B0E821BB5DA0C0082D0CE /* UserFilesViewController.m */ = {isa = PBXFileReference; fileEncoding = 4; lastKnownFileType = sourcecode.c.objc; path = UserFilesViewController.m; sourceTree = "<group>"; };
		CE9B0E851BB5E3ED0082D0CE /* UserDataStorageViewController.h */ = {isa = PBXFileReference; fileEncoding = 4; lastKnownFileType = sourcecode.c.h; name = UserDataStorageViewController.h; path = Demo/UserDataStorage/UserDataStorageViewController.h; sourceTree = "<group>"; };
		CE9B0E861BB5E3ED0082D0CE /* UserDataStorageViewController.m */ = {isa = PBXFileReference; fileEncoding = 4; lastKnownFileType = sourcecode.c.objc; name = UserDataStorageViewController.m; path = Demo/UserDataStorage/UserDataStorageViewController.m; sourceTree = "<group>"; };
		CED33FE11BB4900100B357CE /* AWSUserFileManager.h */ = {isa = PBXFileReference; fileEncoding = 4; lastKnownFileType = sourcecode.c.h; path = AWSUserFileManager.h; sourceTree = "<group>"; };
		CED33FE21BB4900100B357CE /* AWSUserFileManager.m */ = {isa = PBXFileReference; fileEncoding = 4; lastKnownFileType = sourcecode.c.objc; path = AWSUserFileManager.m; sourceTree = "<group>"; };
		CED33FE41BB49B3D00B357CE /* Launch Screen.storyboard */ = {isa = PBXFileReference; fileEncoding = 4; lastKnownFileType = file.storyboard; name = "Launch Screen.storyboard"; path = "App/Launch Screen.storyboard"; sourceTree = "<group>"; };
		CEF516A81C5D9B09001757C8 /* GoogleSignIn.framework */ = {isa = PBXFileReference; lastKnownFileType = wrapper.framework; name = GoogleSignIn.framework; path = MySampleApp/Sdk/Google/GoogleSignIn.framework; sourceTree = "<group>"; };
		CEF516AA1C5D9B1E001757C8 /* GoogleSignIn.bundle */ = {isa = PBXFileReference; lastKnownFileType = "wrapper.plug-in"; name = GoogleSignIn.bundle; path = MySampleApp/Sdk/Google/GoogleSignIn.bundle; sourceTree = "<group>"; };
		CEF516AC1C5D9B68001757C8 /* StoreKit.framework */ = {isa = PBXFileReference; lastKnownFileType = wrapper.framework; name = StoreKit.framework; path = System/Library/Frameworks/StoreKit.framework; sourceTree = SDKROOT; };
/* End PBXFileReference section */

/* Begin PBXFrameworksBuildPhase section */
		6B443C461B5DB06200406B17 /* Frameworks */ = {
			isa = PBXFrameworksBuildPhase;
			buildActionMask = 2147483647;
			files = (
				CEF516AD1C5D9B68001757C8 /* StoreKit.framework in Frameworks */,
				CE7D92131BEB3764002F8AE0 /* SystemConfiguration.framework in Frameworks */,
				CE790C6C1C28961F000CA0DE /* AWSLambda.framework in Frameworks */,
				CE790C711C28962E000CA0DE /* AWSCognito.framework in Frameworks */,
				CE790C6F1C28961F000CA0DE /* AWSSNS.framework in Frameworks */,
				6BFF25831B5E3617002364F9 /* Foundation.framework in Frameworks */,
				CE790C6D1C28961F000CA0DE /* AWSMobileAnalytics.framework in Frameworks */,
				6BFF25911B5E366C002364F9 /* UIKit.framework in Frameworks */,
				CE790C771C28964B000CA0DE /* FBSDKShareKit.framework in Frameworks */,
				CE790C6B1C28961F000CA0DE /* AWSCore.framework in Frameworks */,
				6BCB92931BAF896700475B9E /* AddressBook.framework in Frameworks */,
				CE790C761C28964B000CA0DE /* FBSDKLoginKit.framework in Frameworks */,
				6BCB92911BAF88D600475B9E /* CoreLocation.framework in Frameworks */,
				6BCB928D1BAF889F00475B9E /* CoreMotion.framework in Frameworks */,
				6BFF258F1B5E3655002364F9 /* Security.framework in Frameworks */,
				6BFF258D1B5E364D002364F9 /* MediaPlayer.framework in Frameworks */,
				CE790C6E1C28961F000CA0DE /* AWSS3.framework in Frameworks */,
				6BFF25811B5E360F002364F9 /* AssetsLibrary.framework in Frameworks */,
				CE790C751C28964B000CA0DE /* FBSDKCoreKit.framework in Frameworks */,
				6B443C8D1B5DEC2800406B17 /* libz.dylib in Frameworks */,
				6B443C8B1B5DEC1F00406B17 /* libsqlite3.dylib in Frameworks */,
				CEF516A91C5D9B09001757C8 /* GoogleSignIn.framework in Frameworks */,
			);
			runOnlyForDeploymentPostprocessing = 0;
		};
/* End PBXFrameworksBuildPhase section */

/* Begin PBXGroup section */
		07CFD3BF1CAABA4000CB2735 /* images */ = {
			isa = PBXGroup;
			children = (
				07CFD3D01CAB2F3700CB2735 /* Splash.png */,
				07CFD3D11CAB2F3700CB2735 /* Splash@2x.png */,
				07CFD3C01CAABA4000CB2735 /* facebook.png */,
				07CFD3C11CAABA4000CB2735 /* facebook@2x.png */,
				07CFD3C21CAABA4000CB2735 /* fotoLogin.png */,
				07CFD3C31CAABA4000CB2735 /* fotoLogin@2x.png */,
				07CFD3C41CAABA4000CB2735 /* logoLogin.png */,
				07CFD3C51CAABA4000CB2735 /* logoLogin@2x.png */,
				07CFD3C61CAABA4000CB2735 /* SplashInfo.png */,
				07CFD3C71CAABA4000CB2735 /* SplashInfo@2x.png */,
			);
			path = images;
			sourceTree = "<group>";
		};
		66F7C1871B90FE9B0093B846 /* CloudLogic */ = {
			isa = PBXGroup;
			children = (
				6BB9387C1BA87FDD00C527A0 /* CloudLogic.storyboard */,
				6BB9387E1BA8836D00C527A0 /* CloudLogicViewController.h */,
				6BB9387F1BA8838800C527A0 /* CloudLogicViewController.m */,
			);
			name = CloudLogic;
			sourceTree = "<group>";
		};
		6B0502EF1B8B85C700DA1F24 /* Push */ = {
			isa = PBXGroup;
			children = (
				CE790C311C289481000CA0DE /* PushNotification.storyboard */,
				CE790C321C289481000CA0DE /* PushNotificationViewController.h */,
				CE790C331C289481000CA0DE /* PushNotificationViewController.m */,
			);
			name = Push;
			sourceTree = "<group>";
		};
		6B0502F01B8B86E600DA1F24 /* MobileAnalytics */ = {
			isa = PBXGroup;
			children = (
				661104521B8751EB00C8F1F4 /* MobileAnalytics.storyboard */,
				661104541B87524E00C8F1F4 /* MobileAnalyticsViewController.h */,
				661104551B87524E00C8F1F4 /* MobileAnalyticsViewController.m */,
			);
			name = MobileAnalytics;
			sourceTree = "<group>";
		};
		6B0502F11B8B86EF00DA1F24 /* UserIdentity */ = {
			isa = PBXGroup;
			children = (
				661104501B8751B600C8F1F4 /* UserIdentity.storyboard */,
				661104571B87526700C8F1F4 /* UserIdentityViewController.h */,
				661104581B87526700C8F1F4 /* UserIdentityViewController.m */,
			);
			name = UserIdentity;
			sourceTree = "<group>";
		};
		6B0502F41B8BD99500DA1F24 /* SignIn */ = {
			isa = PBXGroup;
			children = (
				CE790C371C289490000CA0DE /* SignIn.storyboard */,
				CE790C391C289490000CA0DE /* SignInViewController.h */,
				CE790C3A1C289490000CA0DE /* SignInViewController.m */,
			);
			name = SignIn;
			path = app/signin;
			sourceTree = "<group>";
		};
		6B281C281B6A7FC6002FCF4F /* Identity */ = {
			isa = PBXGroup;
			children = (
				CE790C581C289520000CA0DE /* AWSIdentityManager.h */,
				CE790C591C289520000CA0DE /* AWSIdentityManager.m */,
			);
			name = Identity;
			sourceTree = "<group>";
		};
		6B281C291B6A7FDA002FCF4F /* App */ = {
			isa = PBXGroup;
			children = (
				07CFD3BF1CAABA4000CB2735 /* images */,
				6B0502F41B8BD99500DA1F24 /* SignIn */,
				CE790C3D1C2894A9000CA0DE /* Main.storyboard */,
				CED33FE41BB49B3D00B357CE /* Launch Screen.storyboard */,
				CE790C3F1C2894C0000CA0DE /* AppDelegate.h */,
				CE790C401C2894C0000CA0DE /* AppDelegate.m */,
				CE790C411C2894C0000CA0DE /* MainViewController.h */,
				CE790C421C2894C0000CA0DE /* MainViewController.m */,
				CE790C451C2894CC000CA0DE /* Images.xcassets */,
				6B443C4C1B5DB06200406B17 /* Supporting Files */,
			);
			name = App;
			sourceTree = "<group>";
		};
		6B443C401B5DB06200406B17 = {
			isa = PBXGroup;
			children = (
				6B443C4B1B5DB06200406B17 /* MySampleApp */,
				6B443C891B5DD94700406B17 /* Frameworks */,
				6B443C4A1B5DB06200406B17 /* Products */,
			);
			sourceTree = "<group>";
		};
		6B443C4A1B5DB06200406B17 /* Products */ = {
			isa = PBXGroup;
			children = (
				6B443C491B5DB06200406B17 /* Livi.app */,
			);
			name = Products;
			sourceTree = "<group>";
		};
		6B443C4B1B5DB06200406B17 /* MySampleApp */ = {
			isa = PBXGroup;
			children = (
				6BCE395E1B7E55C4009BAC85 /* Demo */,
				6B281C291B6A7FDA002FCF4F /* App */,
				6B443C721B5DB22500406B17 /* AmazonAws */,
			);
			path = MySampleApp;
			sourceTree = "<group>";
		};
		6B443C4C1B5DB06200406B17 /* Supporting Files */ = {
			isa = PBXGroup;
			children = (
				CE790C471C2894DE000CA0DE /* Info.plist */,
				CE790C481C2894DE000CA0DE /* main.m */,
			);
			name = "Supporting Files";
			sourceTree = "<group>";
		};
		6B443C721B5DB22500406B17 /* AmazonAws */ = {
			isa = PBXGroup;
			children = (
				CE790C621C289543000CA0DE /* AWSConfiguration.h */,
				CE790C631C289543000CA0DE /* AWSMobileClient.h */,
				CE790C641C289543000CA0DE /* AWSMobileClient.m */,
				6BB938811BA8847400C527A0 /* CloudLogic */,
				6BBC97B81BA766E000DC9B60 /* Utils */,
				6B8A6F401B5ECF0D0035EA74 /* SignIn */,
				6B281C281B6A7FC6002FCF4F /* Identity */,
				CEA68A7C1B87E89600744C02 /* Push */,
				CE4ADF371BAA21ED004F5676 /* ContentDelivery */,
				CED33FE01BB4900100B357CE /* UserFiles */,
			);
			name = AmazonAws;
			path = amazonaws;
			sourceTree = "<group>";
		};
		6B443C891B5DD94700406B17 /* Frameworks */ = {
			isa = PBXGroup;
			children = (
				CEF516AC1C5D9B68001757C8 /* StoreKit.framework */,
				CEF516AA1C5D9B1E001757C8 /* GoogleSignIn.bundle */,
				CEF516A81C5D9B09001757C8 /* GoogleSignIn.framework */,
				6BCB92921BAF896700475B9E /* AddressBook.framework */,
				6BFF25801B5E360F002364F9 /* AssetsLibrary.framework */,
				CE790C701C28962E000CA0DE /* AWSCognito.framework */,
				CE790C661C28961F000CA0DE /* AWSCore.framework */,
				CE790C671C28961F000CA0DE /* AWSLambda.framework */,
				CE790C681C28961F000CA0DE /* AWSMobileAnalytics.framework */,
				CE790C691C28961F000CA0DE /* AWSS3.framework */,
				CE790C6A1C28961F000CA0DE /* AWSSNS.framework */,
				6BCB92901BAF88D600475B9E /* CoreLocation.framework */,
				6BCB928C1BAF889F00475B9E /* CoreMotion.framework */,
				CE790C721C28964B000CA0DE /* FBSDKCoreKit.framework */,
				CE790C731C28964B000CA0DE /* FBSDKLoginKit.framework */,
				CE790C741C28964B000CA0DE /* FBSDKShareKit.framework */,
				6BFF25821B5E3617002364F9 /* Foundation.framework */,
				6B443C8A1B5DEC1F00406B17 /* libsqlite3.dylib */,
				6B443C8C1B5DEC2800406B17 /* libz.dylib */,
				6BFF258C1B5E364D002364F9 /* MediaPlayer.framework */,
				6BFF258E1B5E3655002364F9 /* Security.framework */,
				CE7D92121BEB3764002F8AE0 /* SystemConfiguration.framework */,
				6BFF25901B5E366C002364F9 /* UIKit.framework */,
			);
			name = Frameworks;
			sourceTree = "<group>";
		};
		6B8A6F401B5ECF0D0035EA74 /* SignIn */ = {
			isa = PBXGroup;
			children = (
				CE790C511C289509000CA0DE /* AWSFacebookSignInProvider.h */,
				CE790C521C289509000CA0DE /* AWSFacebookSignInProvider.m */,
				CE790C551C289509000CA0DE /* AWSSignInProvider.h */,
			);
			name = SignIn;
			path = signin;
			sourceTree = "<group>";
		};
		6B9E5DE41BAFDB3F005E71C9 /* UserDataStorage */ = {
			isa = PBXGroup;
			children = (
				6B9E5DE51BAFDBF6005E71C9 /* UserDataStorage.storyboard */,
				CE9B0E851BB5E3ED0082D0CE /* UserDataStorageViewController.h */,
				CE9B0E861BB5E3ED0082D0CE /* UserDataStorageViewController.m */,
			);
			name = UserDataStorage;
			sourceTree = "<group>";
		};
		6BB938811BA8847400C527A0 /* CloudLogic */ = {
			isa = PBXGroup;
			children = (
				CE790C4B1C2894EE000CA0DE /* AWSCloudLogic.h */,
				CE790C4C1C2894EE000CA0DE /* AWSCloudLogic.m */,
			);
			name = CloudLogic;
			sourceTree = "<group>";
		};
		6BBC97AE1BA244E000DC9B60 /* UserSettings */ = {
			isa = PBXGroup;
			children = (
				6BB938891BAA3CB700C527A0 /* ColorThemeSettings.h */,
				6BBC97B61BA358C300DC9B60 /* ColorThemeSettings.m */,
				6BBCBCA91BB07C14001B8F35 /* UserSettings.storyboard */,
				6BBCBCA71BB07A31001B8F35 /* UserSettingsViewController.h */,
				6699C6501BBAF90B00436B45 /* UserSettingsViewController.m */,
			);
			name = UserSettings;
			path = Demo/UserSettings;
			sourceTree = "<group>";
		};
		6BBC97B81BA766E000DC9B60 /* Utils */ = {
			isa = PBXGroup;
			children = (
				CE790C4E1C2894F9000CA0DE /* AWSTask+CheckExceptions.h */,
				CE790C4F1C2894F9000CA0DE /* AWSTask+CheckExceptions.m */,
			);
			name = Utils;
			sourceTree = "<group>";
		};
		6BCE395E1B7E55C4009BAC85 /* Demo */ = {
			isa = PBXGroup;
			children = (
				CE790C2E1C28946F000CA0DE /* DemoFeature.h */,
				CE790C2F1C28946F000CA0DE /* DemoFeature.m */,
				CE9B0E7F1BB5DA0C0082D0CE /* UserFiles */,
				6BBC97AE1BA244E000DC9B60 /* UserSettings */,
				6B9E5DE41BAFDB3F005E71C9 /* UserDataStorage */,
				CE4ADF3C1BAA2226004F5676 /* ContentDelivery */,
				66F7C1871B90FE9B0093B846 /* CloudLogic */,
				6B0502F11B8B86EF00DA1F24 /* UserIdentity */,
				6B0502F01B8B86E600DA1F24 /* MobileAnalytics */,
				6B0502EF1B8B85C700DA1F24 /* Push */,
			);
			name = Demo;
			sourceTree = "<group>";
		};
		CE4ADF371BAA21ED004F5676 /* ContentDelivery */ = {
			isa = PBXGroup;
			children = (
				CE790C5E1C289537000CA0DE /* AWSContentManager.h */,
				CE790C5F1C289537000CA0DE /* AWSContentManager.m */,
				CE790C601C289537000CA0DE /* AWSCorePrivateHeader.h */,
			);
			name = ContentDelivery;
			sourceTree = "<group>";
		};
		CE4ADF3C1BAA2226004F5676 /* ContentDelivery */ = {
			isa = PBXGroup;
			children = (
				6BB9388B1BAC66CF00C527A0 /* ContentDelivery.storyboard */,
				6BB9388A1BAC66CF00C527A0 /* ContentDeliveryViewController.h */,
				6BB9388C1BAC66CF00C527A0 /* ContentDeliveryViewController.m */,
			);
			name = ContentDelivery;
			sourceTree = "<group>";
		};
		CE9B0E7F1BB5DA0C0082D0CE /* UserFiles */ = {
			isa = PBXGroup;
			children = (
				CE9B0E801BB5DA0C0082D0CE /* UserFiles.storyboard */,
				CE9B0E811BB5DA0C0082D0CE /* UserFilesViewController.h */,
				CE9B0E821BB5DA0C0082D0CE /* UserFilesViewController.m */,
			);
			name = UserFiles;
			path = Demo/UserFiles;
			sourceTree = "<group>";
		};
		CEA68A7C1B87E89600744C02 /* Push */ = {
			isa = PBXGroup;
			children = (
				CE790C5B1C28952C000CA0DE /* AWSPushManager.h */,
				CE790C5C1C28952C000CA0DE /* AWSPushManager.m */,
			);
			name = Push;
			sourceTree = "<group>";
		};
		CED33FE01BB4900100B357CE /* UserFiles */ = {
			isa = PBXGroup;
			children = (
				CED33FE11BB4900100B357CE /* AWSUserFileManager.h */,
				CED33FE21BB4900100B357CE /* AWSUserFileManager.m */,
			);
			name = UserFiles;
			path = MySampleApp/AmazonAws/UserFiles;
			sourceTree = SOURCE_ROOT;
		};
/* End PBXGroup section */

/* Begin PBXNativeTarget section */
		6B443C481B5DB06200406B17 /* Livi */ = {
			isa = PBXNativeTarget;
			buildConfigurationList = 6B443C6C1B5DB06200406B17 /* Build configuration list for PBXNativeTarget "Livi" */;
			buildPhases = (
				66246E331C0D061B00152907 /* ShellScript */,
				6B443C451B5DB06200406B17 /* Sources */,
				6B443C461B5DB06200406B17 /* Frameworks */,
				6B443C471B5DB06200406B17 /* Resources */,
			);
			buildRules = (
			);
			dependencies = (
			);
			name = Livi;
			productName = MySampleApp;
			productReference = 6B443C491B5DB06200406B17 /* Livi.app */;
			productType = "com.apple.product-type.application";
		};
/* End PBXNativeTarget section */

/* Begin PBXProject section */
		6B443C411B5DB06200406B17 /* Project object */ = {
			isa = PBXProject;
			attributes = {
				LastUpgradeCheck = 0700;
				ORGANIZATIONNAME = Amazon;
				TargetAttributes = {
					6B443C481B5DB06200406B17 = {
						CreatedOnToolsVersion = 6.4;
						DevelopmentTeam = 4HLAL3GQ7D;
					};
				};
			};
			buildConfigurationList = 6B443C441B5DB06200406B17 /* Build configuration list for PBXProject "Livi" */;
			compatibilityVersion = "Xcode 3.2";
			developmentRegion = English;
			hasScannedForEncodings = 0;
			knownRegions = (
				en,
				Base,
			);
			mainGroup = 6B443C401B5DB06200406B17;
			productRefGroup = 6B443C4A1B5DB06200406B17 /* Products */;
			projectDirPath = "";
			projectRoot = "";
			targets = (
				6B443C481B5DB06200406B17 /* Livi */,
			);
		};
/* End PBXProject section */

/* Begin PBXResourcesBuildPhase section */
		6B443C471B5DB06200406B17 /* Resources */ = {
			isa = PBXResourcesBuildPhase;
			buildActionMask = 2147483647;
			files = (
				07CFD3CC1CAABA4000CB2735 /* logoLogin.png in Resources */,
				CEF516AB1C5D9B1E001757C8 /* GoogleSignIn.bundle in Resources */,
				07CFD3CA1CAABA4000CB2735 /* fotoLogin.png in Resources */,
				6BB9387D1BA87FDD00C527A0 /* CloudLogic.storyboard in Resources */,
				07CFD3CE1CAABA4000CB2735 /* SplashInfo.png in Resources */,
				CED33FE51BB49B3D00B357CE /* Launch Screen.storyboard in Resources */,
				07CFD3C81CAABA4000CB2735 /* facebook.png in Resources */,
				6BBCBCAA1BB07C14001B8F35 /* UserSettings.storyboard in Resources */,
				CE790C3E1C2894A9000CA0DE /* Main.storyboard in Resources */,
				661104531B8751EB00C8F1F4 /* MobileAnalytics.storyboard in Resources */,
				07CFD3CB1CAABA4000CB2735 /* fotoLogin@2x.png in Resources */,
				CE790C3B1C289490000CA0DE /* SignIn.storyboard in Resources */,
				CE790C341C289481000CA0DE /* PushNotification.storyboard in Resources */,
				6BB9388D1BAC66CF00C527A0 /* ContentDelivery.storyboard in Resources */,
				07CFD3C91CAABA4000CB2735 /* facebook@2x.png in Resources */,
				661104511B8751B600C8F1F4 /* UserIdentity.storyboard in Resources */,
				07CFD3CF1CAABA4000CB2735 /* SplashInfo@2x.png in Resources */,
				CE790C461C2894CC000CA0DE /* Images.xcassets in Resources */,
				CE9B0E831BB5DA0C0082D0CE /* UserFiles.storyboard in Resources */,
				07CFD3CD1CAABA4000CB2735 /* logoLogin@2x.png in Resources */,
				07CFD3D31CAB2F3700CB2735 /* Splash@2x.png in Resources */,
				07CFD3D21CAB2F3700CB2735 /* Splash.png in Resources */,
				6B9E5DE61BAFDBF6005E71C9 /* UserDataStorage.storyboard in Resources */,
			);
			runOnlyForDeploymentPostprocessing = 0;
		};
/* End PBXResourcesBuildPhase section */

/* Begin PBXShellScriptBuildPhase section */
		66246E331C0D061B00152907 /* ShellScript */ = {
			isa = PBXShellScriptBuildPhase;
			buildActionMask = 2147483647;
			files = (
			);
			inputPaths = (
			);
			outputPaths = (
			);
			runOnlyForDeploymentPostprocessing = 0;
			shellPath = /bin/sh;
			shellScript = "FILE=${SRCROOT}/MySampleApp/Sdk/CheckXcodeVersion.sh\nif [ -e $FILE ]; then\n    $FILE\nfi";
		};
/* End PBXShellScriptBuildPhase section */

/* Begin PBXSourcesBuildPhase section */
		6B443C451B5DB06200406B17 /* Sources */ = {
			isa = PBXSourcesBuildPhase;
			buildActionMask = 2147483647;
			files = (
				CE790C431C2894C0000CA0DE /* AppDelegate.m in Sources */,
				CE790C301C28946F000CA0DE /* DemoFeature.m in Sources */,
				661104561B87524E00C8F1F4 /* MobileAnalyticsViewController.m in Sources */,
				6BBC97B71BA358C300DC9B60 /* ColorThemeSettings.m in Sources */,
				CED33FE31BB4900100B357CE /* AWSUserFileManager.m in Sources */,
				6BB9388E1BAC66CF00C527A0 /* ContentDeliveryViewController.m in Sources */,
				CE790C561C289509000CA0DE /* AWSFacebookSignInProvider.m in Sources */,
				CE790C5D1C28952C000CA0DE /* AWSPushManager.m in Sources */,
				CE790C501C2894F9000CA0DE /* AWSTask+CheckExceptions.m in Sources */,
				6699C6511BBAF90B00436B45 /* UserSettingsViewController.m in Sources */,
				CE790C4A1C2894DE000CA0DE /* main.m in Sources */,
				CE790C5A1C289520000CA0DE /* AWSIdentityManager.m in Sources */,
				CE790C441C2894C0000CA0DE /* MainViewController.m in Sources */,
				CE790C3C1C289490000CA0DE /* SignInViewController.m in Sources */,
				CE790C651C289543000CA0DE /* AWSMobileClient.m in Sources */,
				CE9B0E841BB5DA0C0082D0CE /* UserFilesViewController.m in Sources */,
				CE790C351C289481000CA0DE /* PushNotificationViewController.m in Sources */,
				CE790C611C289537000CA0DE /* AWSContentManager.m in Sources */,
				661104591B87526700C8F1F4 /* UserIdentityViewController.m in Sources */,
				CE790C4D1C2894EE000CA0DE /* AWSCloudLogic.m in Sources */,
				6BB938801BA8838800C527A0 /* CloudLogicViewController.m in Sources */,
				CE9B0E871BB5E3ED0082D0CE /* UserDataStorageViewController.m in Sources */,
			);
			runOnlyForDeploymentPostprocessing = 0;
		};
/* End PBXSourcesBuildPhase section */

/* Begin PBXVariantGroup section */
		CE790C371C289490000CA0DE /* SignIn.storyboard */ = {
			isa = PBXVariantGroup;
			children = (
				CE790C381C289490000CA0DE /* en */,
			);
			name = SignIn.storyboard;
			path = ../../App/SignIn/en.lproj;
			sourceTree = "<group>";
		};
/* End PBXVariantGroup section */

/* Begin XCBuildConfiguration section */
		6B443C6A1B5DB06200406B17 /* Debug */ = {
			isa = XCBuildConfiguration;
			buildSettings = {
				ALWAYS_SEARCH_USER_PATHS = NO;
				CLANG_CXX_LANGUAGE_STANDARD = "gnu++0x";
				CLANG_CXX_LIBRARY = "libc++";
				CLANG_ENABLE_MODULES = YES;
				CLANG_ENABLE_OBJC_ARC = YES;
				CLANG_WARN_BOOL_CONVERSION = YES;
				CLANG_WARN_CONSTANT_CONVERSION = YES;
				CLANG_WARN_DIRECT_OBJC_ISA_USAGE = YES_ERROR;
				CLANG_WARN_EMPTY_BODY = YES;
				CLANG_WARN_ENUM_CONVERSION = YES;
				CLANG_WARN_INT_CONVERSION = YES;
				CLANG_WARN_OBJC_ROOT_CLASS = YES_ERROR;
				CLANG_WARN_UNREACHABLE_CODE = YES;
				CLANG_WARN__DUPLICATE_METHOD_MATCH = YES;
				"CODE_SIGN_IDENTITY[sdk=iphoneos*]" = "iPhone Developer";
				COPY_PHASE_STRIP = NO;
				DEBUG_INFORMATION_FORMAT = "dwarf-with-dsym";
				ENABLE_STRICT_OBJC_MSGSEND = YES;
				ENABLE_TESTABILITY = YES;
				GCC_C_LANGUAGE_STANDARD = gnu99;
				GCC_DYNAMIC_NO_PIC = NO;
				GCC_NO_COMMON_BLOCKS = YES;
				GCC_OPTIMIZATION_LEVEL = 0;
				GCC_PREPROCESSOR_DEFINITIONS = (
					"DEBUG=1",
					"$(inherited)",
				);
				GCC_SYMBOLS_PRIVATE_EXTERN = NO;
				GCC_WARN_64_TO_32_BIT_CONVERSION = YES;
				GCC_WARN_ABOUT_RETURN_TYPE = YES_ERROR;
				GCC_WARN_UNDECLARED_SELECTOR = YES;
				GCC_WARN_UNINITIALIZED_AUTOS = YES_AGGRESSIVE;
				GCC_WARN_UNUSED_FUNCTION = YES;
				GCC_WARN_UNUSED_VARIABLE = YES;
				IPHONEOS_DEPLOYMENT_TARGET = 8.0;
				MTL_ENABLE_DEBUG_INFO = YES;
				ONLY_ACTIVE_ARCH = YES;
				OTHER_LDFLAGS = (
					"$(OTHER_LDFLAGS)",
					"-ObjC",
				);
				SDKROOT = iphoneos;
				TARGETED_DEVICE_FAMILY = "1,2";
			};
			name = Debug;
		};
		6B443C6B1B5DB06200406B17 /* Release */ = {
			isa = XCBuildConfiguration;
			buildSettings = {
				ALWAYS_SEARCH_USER_PATHS = NO;
				CLANG_CXX_LANGUAGE_STANDARD = "gnu++0x";
				CLANG_CXX_LIBRARY = "libc++";
				CLANG_ENABLE_MODULES = YES;
				CLANG_ENABLE_OBJC_ARC = YES;
				CLANG_WARN_BOOL_CONVERSION = YES;
				CLANG_WARN_CONSTANT_CONVERSION = YES;
				CLANG_WARN_DIRECT_OBJC_ISA_USAGE = YES_ERROR;
				CLANG_WARN_EMPTY_BODY = YES;
				CLANG_WARN_ENUM_CONVERSION = YES;
				CLANG_WARN_INT_CONVERSION = YES;
				CLANG_WARN_OBJC_ROOT_CLASS = YES_ERROR;
				CLANG_WARN_UNREACHABLE_CODE = YES;
				CLANG_WARN__DUPLICATE_METHOD_MATCH = YES;
				"CODE_SIGN_IDENTITY[sdk=iphoneos*]" = "iPhone Developer";
				COPY_PHASE_STRIP = NO;
				DEBUG_INFORMATION_FORMAT = "dwarf-with-dsym";
				ENABLE_NS_ASSERTIONS = NO;
				ENABLE_STRICT_OBJC_MSGSEND = YES;
				GCC_C_LANGUAGE_STANDARD = gnu99;
				GCC_NO_COMMON_BLOCKS = YES;
				GCC_WARN_64_TO_32_BIT_CONVERSION = YES;
				GCC_WARN_ABOUT_RETURN_TYPE = YES_ERROR;
				GCC_WARN_UNDECLARED_SELECTOR = YES;
				GCC_WARN_UNINITIALIZED_AUTOS = YES_AGGRESSIVE;
				GCC_WARN_UNUSED_FUNCTION = YES;
				GCC_WARN_UNUSED_VARIABLE = YES;
				IPHONEOS_DEPLOYMENT_TARGET = 8.0;
				MTL_ENABLE_DEBUG_INFO = NO;
				OTHER_LDFLAGS = (
					"$(OTHER_LDFLAGS)",
					"-ObjC",
				);
				SDKROOT = iphoneos;
				TARGETED_DEVICE_FAMILY = "1,2";
				VALIDATE_PRODUCT = YES;
			};
			name = Release;
		};
		6B443C6D1B5DB06200406B17 /* Debug */ = {
			isa = XCBuildConfiguration;
			buildSettings = {
				ASSETCATALOG_COMPILER_APPICON_NAME = AppIcon;
				CODE_SIGN_IDENTITY = "iPhone Developer: juan romero (T66QT2YUL6)";
				"CODE_SIGN_IDENTITY[sdk=iphoneos*]" = "iPhone Developer";
				ENABLE_BITCODE = NO;
				FRAMEWORK_SEARCH_PATHS = (
					"$(inherited)",
					"$(PROJECT_DIR)",
					"$(PROJECT_DIR)/MySampleApp/Sdk/**",
					"$(PROJECT_DIR)/MySampleApp/Sdk/Google",
				);
				INFOPLIST_FILE = "$(SRCROOT)/MySampleApp/App/Info.plist";
				IPHONEOS_DEPLOYMENT_TARGET = 8.0;
				LD_RUNPATH_SEARCH_PATHS = "$(inherited) @executable_path/Frameworks";
				PRODUCT_BUNDLE_IDENTIFIER = "com.amazon.$(PRODUCT_NAME:rfc1034identifier)";
				PRODUCT_NAME = Livi;
				PROVISIONING_PROFILE = "";
				TARGETED_DEVICE_FAMILY = "1,2";
			};
			name = Debug;
		};
		6B443C6E1B5DB06200406B17 /* Release */ = {
			isa = XCBuildConfiguration;
			buildSettings = {
				ASSETCATALOG_COMPILER_APPICON_NAME = AppIcon;
				CODE_SIGN_IDENTITY = "iPhone Developer: juan romero (T66QT2YUL6)";
				"CODE_SIGN_IDENTITY[sdk=iphoneos*]" = "iPhone Developer";
				ENABLE_BITCODE = NO;
				FRAMEWORK_SEARCH_PATHS = (
					"$(inherited)",
					"$(PROJECT_DIR)",
					"$(PROJECT_DIR)/MySampleApp/Sdk/**",
					"$(PROJECT_DIR)/MySampleApp/Sdk/Google",
				);
				INFOPLIST_FILE = "$(SRCROOT)/MySampleApp/App/Info.plist";
				IPHONEOS_DEPLOYMENT_TARGET = 8.0;
				LD_RUNPATH_SEARCH_PATHS = "$(inherited) @executable_path/Frameworks";
				PRODUCT_BUNDLE_IDENTIFIER = "com.amazon.$(PRODUCT_NAME:rfc1034identifier)";
				PRODUCT_NAME = Livi;
				PROVISIONING_PROFILE = "76f84906-a7e8-4361-83b3-9c4aa6237745";
				TARGETED_DEVICE_FAMILY = "1,2";
			};
			name = Release;
		};
/* End XCBuildConfiguration section */

/* Begin XCConfigurationList section */
		6B443C441B5DB06200406B17 /* Build configuration list for PBXProject "Livi" */ = {
			isa = XCConfigurationList;
			buildConfigurations = (
				6B443C6A1B5DB06200406B17 /* Debug */,
				6B443C6B1B5DB06200406B17 /* Release */,
			);
			defaultConfigurationIsVisible = 0;
			defaultConfigurationName = Release;
		};
		6B443C6C1B5DB06200406B17 /* Build configuration list for PBXNativeTarget "Livi" */ = {
			isa = XCConfigurationList;
			buildConfigurations = (
				6B443C6D1B5DB06200406B17 /* Debug */,
				6B443C6E1B5DB06200406B17 /* Release */,
			);
			defaultConfigurationIsVisible = 0;
			defaultConfigurationName = Release;
		};
/* End XCConfigurationList section */
	};
	rootObject = 6B443C411B5DB06200406B17 /* Project object */;
}
